// !$*UTF8*$!
{
	archiveVersion = 1;
	classes = {
	};
	objectVersion = 46;
	objects = {

/* Begin PBXBuildFile section */
		CAB022241BA624AC00760761 /* AppDelegate.swift in Sources */ = {isa = PBXBuildFile; fileRef = CAB022231BA624AC00760761 /* AppDelegate.swift */; };
		CAB022261BA624AC00760761 /* GameScene.sks in Resources */ = {isa = PBXBuildFile; fileRef = CAB022251BA624AC00760761 /* GameScene.sks */; };
		CAB022281BA624AC00760761 /* GameScene.swift in Sources */ = {isa = PBXBuildFile; fileRef = CAB022271BA624AC00760761 /* GameScene.swift */; };
		CAB0222A1BA624AC00760761 /* GameViewController.swift in Sources */ = {isa = PBXBuildFile; fileRef = CAB022291BA624AC00760761 /* GameViewController.swift */; };
		CAB0222D1BA624AC00760761 /* Main.storyboard in Resources */ = {isa = PBXBuildFile; fileRef = CAB0222B1BA624AC00760761 /* Main.storyboard */; };
		CAB0222F1BA624AC00760761 /* Images.xcassets in Resources */ = {isa = PBXBuildFile; fileRef = CAB0222E1BA624AC00760761 /* Images.xcassets */; };
		CAB022321BA624AC00760761 /* LaunchScreen.xib in Resources */ = {isa = PBXBuildFile; fileRef = CAB022301BA624AC00760761 /* LaunchScreen.xib */; };
		CAB0223E1BA624AC00760761 /* Space_RaceTests.swift in Sources */ = {isa = PBXBuildFile; fileRef = CAB0223D1BA624AC00760761 /* Space_RaceTests.swift */; };
		CAB022491BA625FB00760761 /* Array+Shuffling.swift in Sources */ = {isa = PBXBuildFile; fileRef = CAB022471BA625FB00760761 /* Array+Shuffling.swift */; };
		CAB0224A1BA625FB00760761 /* Helper.swift in Sources */ = {isa = PBXBuildFile; fileRef = CAB022481BA625FB00760761 /* Helper.swift */; };
		CAB022581BA6260400760761 /* ball.png in Resources */ = {isa = PBXBuildFile; fileRef = CAB0224C1BA6260400760761 /* ball.png */; };
		CAB022591BA6260400760761 /* ball@2x.png in Resources */ = {isa = PBXBuildFile; fileRef = CAB0224D1BA6260400760761 /* ball@2x.png */; };
		CAB0225A1BA6260400760761 /* bigSpark.png in Resources */ = {isa = PBXBuildFile; fileRef = CAB0224E1BA6260400760761 /* bigSpark.png */; };
		CAB0225B1BA6260400760761 /* explosion.sks in Resources */ = {isa = PBXBuildFile; fileRef = CAB0224F1BA6260400760761 /* explosion.sks */; };
		CAB0225C1BA6260400760761 /* hammer.png in Resources */ = {isa = PBXBuildFile; fileRef = CAB022501BA6260400760761 /* hammer.png */; };
		CAB0225D1BA6260400760761 /* hammer@2x.png in Resources */ = {isa = PBXBuildFile; fileRef = CAB022511BA6260400760761 /* hammer@2x.png */; };
		CAB0225E1BA6260400760761 /* player.png in Resources */ = {isa = PBXBuildFile; fileRef = CAB022521BA6260400760761 /* player.png */; };
		CAB0225F1BA6260400760761 /* player@2x.png in Resources */ = {isa = PBXBuildFile; fileRef = CAB022531BA6260400760761 /* player@2x.png */; };
		CAB022601BA6260400760761 /* spark.png in Resources */ = {isa = PBXBuildFile; fileRef = CAB022541BA6260400760761 /* spark.png */; };
		CAB022611BA6260400760761 /* Starfield.sks in Resources */ = {isa = PBXBuildFile; fileRef = CAB022551BA6260400760761 /* Starfield.sks */; };
		CAB022621BA6260400760761 /* tv.png in Resources */ = {isa = PBXBuildFile; fileRef = CAB022561BA6260400760761 /* tv.png */; };
		CAB022631BA6260400760761 /* tv@2x.png in Resources */ = {isa = PBXBuildFile; fileRef = CAB022571BA6260400760761 /* tv@2x.png */; };
/* End PBXBuildFile section */

/* Begin PBXContainerItemProxy section */
		CAB022381BA624AC00760761 /* PBXContainerItemProxy */ = {
			isa = PBXContainerItemProxy;
			containerPortal = CAB022161BA624AC00760761 /* Project object */;
			proxyType = 1;
			remoteGlobalIDString = CAB0221D1BA624AC00760761;
			remoteInfo = "Space Race";
		};
/* End PBXContainerItemProxy section */

/* Begin PBXFileReference section */
		CAB0221E1BA624AC00760761 /* Space Race.app */ = {isa = PBXFileReference; explicitFileType = wrapper.application; includeInIndex = 0; path = "Space Race.app"; sourceTree = BUILT_PRODUCTS_DIR; };
		CAB022221BA624AC00760761 /* Info.plist */ = {isa = PBXFileReference; lastKnownFileType = text.plist.xml; path = Info.plist; sourceTree = "<group>"; };
		CAB022231BA624AC00760761 /* AppDelegate.swift */ = {isa = PBXFileReference; lastKnownFileType = sourcecode.swift; path = AppDelegate.swift; sourceTree = "<group>"; };
		CAB022251BA624AC00760761 /* GameScene.sks */ = {isa = PBXFileReference; lastKnownFileType = file.sks; path = GameScene.sks; sourceTree = "<group>"; };
		CAB022271BA624AC00760761 /* GameScene.swift */ = {isa = PBXFileReference; lastKnownFileType = sourcecode.swift; path = GameScene.swift; sourceTree = "<group>"; };
		CAB022291BA624AC00760761 /* GameViewController.swift */ = {isa = PBXFileReference; lastKnownFileType = sourcecode.swift; path = GameViewController.swift; sourceTree = "<group>"; };
		CAB0222C1BA624AC00760761 /* Base */ = {isa = PBXFileReference; lastKnownFileType = file.storyboard; name = Base; path = Base.lproj/Main.storyboard; sourceTree = "<group>"; };
		CAB0222E1BA624AC00760761 /* Images.xcassets */ = {isa = PBXFileReference; lastKnownFileType = folder.assetcatalog; path = Images.xcassets; sourceTree = "<group>"; };
		CAB022311BA624AC00760761 /* Base */ = {isa = PBXFileReference; lastKnownFileType = file.xib; name = Base; path = Base.lproj/LaunchScreen.xib; sourceTree = "<group>"; };
		CAB022371BA624AC00760761 /* Space RaceTests.xctest */ = {isa = PBXFileReference; explicitFileType = wrapper.cfbundle; includeInIndex = 0; path = "Space RaceTests.xctest"; sourceTree = BUILT_PRODUCTS_DIR; };
		CAB0223C1BA624AC00760761 /* Info.plist */ = {isa = PBXFileReference; lastKnownFileType = text.plist.xml; path = Info.plist; sourceTree = "<group>"; };
		CAB0223D1BA624AC00760761 /* Space_RaceTests.swift */ = {isa = PBXFileReference; lastKnownFileType = sourcecode.swift; path = Space_RaceTests.swift; sourceTree = "<group>"; };
		CAB022471BA625FB00760761 /* Array+Shuffling.swift */ = {isa = PBXFileReference; fileEncoding = 4; lastKnownFileType = sourcecode.swift; path = "Array+Shuffling.swift"; sourceTree = "<group>"; };
		CAB022481BA625FB00760761 /* Helper.swift */ = {isa = PBXFileReference; fileEncoding = 4; lastKnownFileType = sourcecode.swift; path = Helper.swift; sourceTree = "<group>"; };
		CAB0224C1BA6260400760761 /* ball.png */ = {isa = PBXFileReference; lastKnownFileType = image.png; path = ball.png; sourceTree = "<group>"; };
		CAB0224D1BA6260400760761 /* ball@2x.png */ = {isa = PBXFileReference; lastKnownFileType = image.png; path = "ball@2x.png"; sourceTree = "<group>"; };
		CAB0224E1BA6260400760761 /* bigSpark.png */ = {isa = PBXFileReference; lastKnownFileType = image.png; path = bigSpark.png; sourceTree = "<group>"; };
		CAB0224F1BA6260400760761 /* explosion.sks */ = {isa = PBXFileReference; lastKnownFileType = file.sks; path = explosion.sks; sourceTree = "<group>"; };
		CAB022501BA6260400760761 /* hammer.png */ = {isa = PBXFileReference; lastKnownFileType = image.png; path = hammer.png; sourceTree = "<group>"; };
		CAB022511BA6260400760761 /* hammer@2x.png */ = {isa = PBXFileReference; lastKnownFileType = image.png; path = "hammer@2x.png"; sourceTree = "<group>"; };
		CAB022521BA6260400760761 /* player.png */ = {isa = PBXFileReference; lastKnownFileType = image.png; path = player.png; sourceTree = "<group>"; };
		CAB022531BA6260400760761 /* player@2x.png */ = {isa = PBXFileReference; lastKnownFileType = image.png; path = "player@2x.png"; sourceTree = "<group>"; };
		CAB022541BA6260400760761 /* spark.png */ = {isa = PBXFileReference; lastKnownFileType = image.png; path = spark.png; sourceTree = "<group>"; };
		CAB022551BA6260400760761 /* Starfield.sks */ = {isa = PBXFileReference; lastKnownFileType = file.sks; path = Starfield.sks; sourceTree = "<group>"; };
		CAB022561BA6260400760761 /* tv.png */ = {isa = PBXFileReference; lastKnownFileType = image.png; path = tv.png; sourceTree = "<group>"; };
		CAB022571BA6260400760761 /* tv@2x.png */ = {isa = PBXFileReference; lastKnownFileType = image.png; path = "tv@2x.png"; sourceTree = "<group>"; };
/* End PBXFileReference section */

/* Begin PBXFrameworksBuildPhase section */
		CAB0221B1BA624AC00760761 /* Frameworks */ = {
			isa = PBXFrameworksBuildPhase;
			buildActionMask = 2147483647;
			files = (
			);
			runOnlyForDeploymentPostprocessing = 0;
		};
		CAB022341BA624AC00760761 /* Frameworks */ = {
			isa = PBXFrameworksBuildPhase;
			buildActionMask = 2147483647;
			files = (
			);
			runOnlyForDeploymentPostprocessing = 0;
		};
/* End PBXFrameworksBuildPhase section */

/* Begin PBXGroup section */
		CAB022151BA624AC00760761 = {
			isa = PBXGroup;
			children = (
				CAB022201BA624AC00760761 /* Space Race */,
				CAB0223A1BA624AC00760761 /* Space RaceTests */,
				CAB0221F1BA624AC00760761 /* Products */,
			);
			sourceTree = "<group>";
		};
		CAB0221F1BA624AC00760761 /* Products */ = {
			isa = PBXGroup;
			children = (
				CAB0221E1BA624AC00760761 /* Space Race.app */,
				CAB022371BA624AC00760761 /* Space RaceTests.xctest */,
			);
			name = Products;
			sourceTree = "<group>";
		};
		CAB022201BA624AC00760761 /* Space Race */ = {
			isa = PBXGroup;
			children = (
				CAB022231BA624AC00760761 /* AppDelegate.swift */,
				CAB022471BA625FB00760761 /* Array+Shuffling.swift */,
				CAB022481BA625FB00760761 /* Helper.swift */,
				CAB022251BA624AC00760761 /* GameScene.sks */,
				CAB022271BA624AC00760761 /* GameScene.swift */,
				CAB022291BA624AC00760761 /* GameViewController.swift */,
				CAB0222B1BA624AC00760761 /* Main.storyboard */,
				CAB0222E1BA624AC00760761 /* Images.xcassets */,
				CAB022301BA624AC00760761 /* LaunchScreen.xib */,
				CAB022211BA624AC00760761 /* Supporting Files */,
			);
			path = "Space Race";
			sourceTree = "<group>";
		};
		CAB022211BA624AC00760761 /* Supporting Files */ = {
			isa = PBXGroup;
			children = (
				CAB0224B1BA6260400760761 /* Content */,
				CAB022221BA624AC00760761 /* Info.plist */,
			);
			name = "Supporting Files";
			sourceTree = "<group>";
		};
		CAB0223A1BA624AC00760761 /* Space RaceTests */ = {
			isa = PBXGroup;
			children = (
				CAB0223D1BA624AC00760761 /* Space_RaceTests.swift */,
				CAB0223B1BA624AC00760761 /* Supporting Files */,
			);
			path = "Space RaceTests";
			sourceTree = "<group>";
		};
		CAB0223B1BA624AC00760761 /* Supporting Files */ = {
			isa = PBXGroup;
			children = (
				CAB0223C1BA624AC00760761 /* Info.plist */,
			);
			name = "Supporting Files";
			sourceTree = "<group>";
		};
		CAB0224B1BA6260400760761 /* Content */ = {
			isa = PBXGroup;
			children = (
				CAB0224C1BA6260400760761 /* ball.png */,
				CAB0224D1BA6260400760761 /* ball@2x.png */,
				CAB0224E1BA6260400760761 /* bigSpark.png */,
				CAB0224F1BA6260400760761 /* explosion.sks */,
				CAB022501BA6260400760761 /* hammer.png */,
				CAB022511BA6260400760761 /* hammer@2x.png */,
				CAB022521BA6260400760761 /* player.png */,
				CAB022531BA6260400760761 /* player@2x.png */,
				CAB022541BA6260400760761 /* spark.png */,
				CAB022551BA6260400760761 /* Starfield.sks */,
				CAB022561BA6260400760761 /* tv.png */,
				CAB022571BA6260400760761 /* tv@2x.png */,
			);
			path = Content;
			sourceTree = "<group>";
		};
/* End PBXGroup section */

/* Begin PBXNativeTarget section */
		CAB0221D1BA624AC00760761 /* Space Race */ = {
			isa = PBXNativeTarget;
			buildConfigurationList = CAB022411BA624AC00760761 /* Build configuration list for PBXNativeTarget "Space Race" */;
			buildPhases = (
				CAB0221A1BA624AC00760761 /* Sources */,
				CAB0221B1BA624AC00760761 /* Frameworks */,
				CAB0221C1BA624AC00760761 /* Resources */,
			);
			buildRules = (
			);
			dependencies = (
			);
			name = "Space Race";
			productName = "Space Race";
			productReference = CAB0221E1BA624AC00760761 /* Space Race.app */;
			productType = "com.apple.product-type.application";
		};
		CAB022361BA624AC00760761 /* Space RaceTests */ = {
			isa = PBXNativeTarget;
			buildConfigurationList = CAB022441BA624AC00760761 /* Build configuration list for PBXNativeTarget "Space RaceTests" */;
			buildPhases = (
				CAB022331BA624AC00760761 /* Sources */,
				CAB022341BA624AC00760761 /* Frameworks */,
				CAB022351BA624AC00760761 /* Resources */,
			);
			buildRules = (
			);
			dependencies = (
				CAB022391BA624AC00760761 /* PBXTargetDependency */,
			);
			name = "Space RaceTests";
			productName = "Space RaceTests";
			productReference = CAB022371BA624AC00760761 /* Space RaceTests.xctest */;
			productType = "com.apple.product-type.bundle.unit-test";
		};
/* End PBXNativeTarget section */

/* Begin PBXProject section */
		CAB022161BA624AC00760761 /* Project object */ = {
			isa = PBXProject;
			attributes = {
				LastUpgradeCheck = 0640;
				ORGANIZATIONNAME = EngJason;
				TargetAttributes = {
					CAB0221D1BA624AC00760761 = {
						CreatedOnToolsVersion = 6.4;
					};
					CAB022361BA624AC00760761 = {
						CreatedOnToolsVersion = 6.4;
						TestTargetID = CAB0221D1BA624AC00760761;
					};
				};
			};
			buildConfigurationList = CAB022191BA624AC00760761 /* Build configuration list for PBXProject "Space Race" */;
			compatibilityVersion = "Xcode 3.2";
			developmentRegion = English;
			hasScannedForEncodings = 0;
			knownRegions = (
				en,
				Base,
			);
			mainGroup = CAB022151BA624AC00760761;
			productRefGroup = CAB0221F1BA624AC00760761 /* Products */;
			projectDirPath = "";
			projectRoot = "";
			targets = (
				CAB0221D1BA624AC00760761 /* Space Race */,
				CAB022361BA624AC00760761 /* Space RaceTests */,
			);
		};
/* End PBXProject section */

/* Begin PBXResourcesBuildPhase section */
		CAB0221C1BA624AC00760761 /* Resources */ = {
			isa = PBXResourcesBuildPhase;
			buildActionMask = 2147483647;
			files = (
				CAB022631BA6260400760761 /* tv@2x.png in Resources */,
				CAB022611BA6260400760761 /* Starfield.sks in Resources */,
				CAB022321BA624AC00760761 /* LaunchScreen.xib in Resources */,
				CAB0225E1BA6260400760761 /* player.png in Resources */,
				CAB0225A1BA6260400760761 /* bigSpark.png in Resources */,
				CAB022591BA6260400760761 /* ball@2x.png in Resources */,
				CAB022621BA6260400760761 /* tv.png in Resources */,
				CAB022581BA6260400760761 /* ball.png in Resources */,
				CAB022601BA6260400760761 /* spark.png in Resources */,
				CAB0225D1BA6260400760761 /* hammer@2x.png in Resources */,
				CAB0225C1BA6260400760761 /* hammer.png in Resources */,
				CAB0225F1BA6260400760761 /* player@2x.png in Resources */,
				CAB0222F1BA624AC00760761 /* Images.xcassets in Resources */,
				CAB0225B1BA6260400760761 /* explosion.sks in Resources */,
				CAB022261BA624AC00760761 /* GameScene.sks in Resources */,
				CAB0222D1BA624AC00760761 /* Main.storyboard in Resources */,
			);
			runOnlyForDeploymentPostprocessing = 0;
		};
		CAB022351BA624AC00760761 /* Resources */ = {
			isa = PBXResourcesBuildPhase;
			buildActionMask = 2147483647;
			files = (
			);
			runOnlyForDeploymentPostprocessing = 0;
		};
/* End PBXResourcesBuildPhase section */

/* Begin PBXSourcesBuildPhase section */
		CAB0221A1BA624AC00760761 /* Sources */ = {
			isa = PBXSourcesBuildPhase;
			buildActionMask = 2147483647;
			files = (
				CAB022491BA625FB00760761 /* Array+Shuffling.swift in Sources */,
				CAB022281BA624AC00760761 /* GameScene.swift in Sources */,
				CAB0224A1BA625FB00760761 /* Helper.swift in Sources */,
				CAB0222A1BA624AC00760761 /* GameViewController.swift in Sources */,
				CAB022241BA624AC00760761 /* AppDelegate.swift in Sources */,
			);
			runOnlyForDeploymentPostprocessing = 0;
		};
		CAB022331BA624AC00760761 /* Sources */ = {
			isa = PBXSourcesBuildPhase;
			buildActionMask = 2147483647;
			files = (
				CAB0223E1BA624AC00760761 /* Space_RaceTests.swift in Sources */,
			);
			runOnlyForDeploymentPostprocessing = 0;
		};
/* End PBXSourcesBuildPhase section */

/* Begin PBXTargetDependency section */
		CAB022391BA624AC00760761 /* PBXTargetDependency */ = {
			isa = PBXTargetDependency;
			target = CAB0221D1BA624AC00760761 /* Space Race */;
			targetProxy = CAB022381BA624AC00760761 /* PBXContainerItemProxy */;
		};
/* End PBXTargetDependency section */

/* Begin PBXVariantGroup section */
		CAB0222B1BA624AC00760761 /* Main.storyboard */ = {
			isa = PBXVariantGroup;
			children = (
				CAB0222C1BA624AC00760761 /* Base */,
			);
			name = Main.storyboard;
			sourceTree = "<group>";
		};
		CAB022301BA624AC00760761 /* LaunchScreen.xib */ = {
			isa = PBXVariantGroup;
			children = (
				CAB022311BA624AC00760761 /* Base */,
			);
			name = LaunchScreen.xib;
			sourceTree = "<group>";
		};
/* End PBXVariantGroup section */

/* Begin XCBuildConfiguration section */
		CAB0223F1BA624AC00760761 /* Debug */ = {
			isa = XCBuildConfiguration;
			buildSettings = {
				ALWAYS_SEARCH_USER_PATHS = NO;
				CLANG_CXX_LANGUAGE_STANDARD = "gnu++0x";
				CLANG_CXX_LIBRARY = "libc++";
				CLANG_ENABLE_MODULES = YES;
				CLANG_ENABLE_OBJC_ARC = YES;
				CLANG_WARN_BOOL_CONVERSION = YES;
				CLANG_WARN_CONSTANT_CONVERSION = YES;
				CLANG_WARN_DIRECT_OBJC_ISA_USAGE = YES_ERROR;
				CLANG_WARN_EMPTY_BODY = YES;
				CLANG_WARN_ENUM_CONVERSION = YES;
				CLANG_WARN_INT_CONVERSION = YES;
				CLANG_WARN_OBJC_ROOT_CLASS = YES_ERROR;
				CLANG_WARN_UNREACHABLE_CODE = YES;
				CLANG_WARN__DUPLICATE_METHOD_MATCH = YES;
				"CODE_SIGN_IDENTITY[sdk=iphoneos*]" = "iPhone Developer";
				COPY_PHASE_STRIP = NO;
				DEBUG_INFORMATION_FORMAT = "dwarf-with-dsym";
				ENABLE_STRICT_OBJC_MSGSEND = YES;
				GCC_C_LANGUAGE_STANDARD = gnu99;
				GCC_DYNAMIC_NO_PIC = NO;
				GCC_NO_COMMON_BLOCKS = YES;
				GCC_OPTIMIZATION_LEVEL = 0;
				GCC_PREPROCESSOR_DEFINITIONS = (
					"DEBUG=1",
					"$(inherited)",
				);
				GCC_SYMBOLS_PRIVATE_EXTERN = NO;
				GCC_WARN_64_TO_32_BIT_CONVERSION = YES;
				GCC_WARN_ABOUT_RETURN_TYPE = YES_ERROR;
				GCC_WARN_UNDECLARED_SELECTOR = YES;
				GCC_WARN_UNINITIALIZED_AUTOS = YES_AGGRESSIVE;
				GCC_WARN_UNUSED_FUNCTION = YES;
				GCC_WARN_UNUSED_VARIABLE = YES;
				IPHONEOS_DEPLOYMENT_TARGET = 8.4;
				MTL_ENABLE_DEBUG_INFO = YES;
				ONLY_ACTIVE_ARCH = YES;
				SDKROOT = iphoneos;
				SWIFT_OPTIMIZATION_LEVEL = "-Onone";
				TARGETED_DEVICE_FAMILY = 2;
			};
			name = Debug;
		};
		CAB022401BA624AC00760761 /* Release */ = {
			isa = XCBuildConfiguration;
			buildSettings = {
				ALWAYS_SEARCH_USER_PATHS = NO;
				CLANG_CXX_LANGUAGE_STANDARD = "gnu++0x";
				CLANG_CXX_LIBRARY = "libc++";
				CLANG_ENABLE_MODULES = YES;
				CLANG_ENABLE_OBJC_ARC = YES;
				CLANG_WARN_BOOL_CONVERSION = YES;
				CLANG_WARN_CONSTANT_CONVERSION = YES;
				CLANG_WARN_DIRECT_OBJC_ISA_USAGE = YES_ERROR;
				CLANG_WARN_EMPTY_BODY = YES;
				CLANG_WARN_ENUM_CONVERSION = YES;
				CLANG_WARN_INT_CONVERSION = YES;
				CLANG_WARN_OBJC_ROOT_CLASS = YES_ERROR;
				CLANG_WARN_UNREACHABLE_CODE = YES;
				CLANG_WARN__DUPLICATE_METHOD_MATCH = YES;
				"CODE_SIGN_IDENTITY[sdk=iphoneos*]" = "iPhone Developer";
				COPY_PHASE_STRIP = NO;
				DEBUG_INFORMATION_FORMAT = "dwarf-with-dsym";
				ENABLE_NS_ASSERTIONS = NO;
				ENABLE_STRICT_OBJC_MSGSEND = YES;
				GCC_C_LANGUAGE_STANDARD = gnu99;
				GCC_NO_COMMON_BLOCKS = YES;
				GCC_WARN_64_TO_32_BIT_CONVERSION = YES;
				GCC_WARN_ABOUT_RETURN_TYPE = YES_ERROR;
				GCC_WARN_UNDECLARED_SELECTOR = YES;
				GCC_WARN_UNINITIALIZED_AUTOS = YES_AGGRESSIVE;
				GCC_WARN_UNUSED_FUNCTION = YES;
				GCC_WARN_UNUSED_VARIABLE = YES;
				IPHONEOS_DEPLOYMENT_TARGET = 8.4;
				MTL_ENABLE_DEBUG_INFO = NO;
				SDKROOT = iphoneos;
				TARGETED_DEVICE_FAMILY = 2;
				VALIDATE_PRODUCT = YES;
			};
			name = Release;
		};
		CAB022421BA624AC00760761 /* Debug */ = {
			isa = XCBuildConfiguration;
			buildSettings = {
				ASSETCATALOG_COMPILER_APPICON_NAME = AppIcon;
				INFOPLIST_FILE = "Space Race/Info.plist";
				LD_RUNPATH_SEARCH_PATHS = "$(inherited) @executable_path/Frameworks";
				PRODUCT_NAME = "$(TARGET_NAME)";
			};
			name = Debug;
		};
		CAB022431BA624AC00760761 /* Release */ = {
			isa = XCBuildConfiguration;
			buildSettings = {
				ASSETCATALOG_COMPILER_APPICON_NAME = AppIcon;
				INFOPLIST_FILE = "Space Race/Info.plist";
				LD_RUNPATH_SEARCH_PATHS = "$(inherited) @executable_path/Frameworks";
				PRODUCT_NAME = "$(TARGET_NAME)";
			};
			name = Release;
		};
		CAB022451BA624AC00760761 /* Debug */ = {
			isa = XCBuildConfiguration;
			buildSettings = {
				BUNDLE_LOADER = "$(TEST_HOST)";
				FRAMEWORK_SEARCH_PATHS = (
					"$(SDKROOT)/Developer/Library/Frameworks",
					"$(inherited)",
				);
				GCC_PREPROCESSOR_DEFINITIONS = (
					"DEBUG=1",
					"$(inherited)",
				);
				INFOPLIST_FILE = "Space RaceTests/Info.plist";
				LD_RUNPATH_SEARCH_PATHS = "$(inherited) @executable_path/Frameworks @loader_path/Frameworks";
				PRODUCT_NAME = "$(TARGET_NAME)";
				TEST_HOST = "$(BUILT_PRODUCTS_DIR)/Space Race.app/Space Race";
			};
			name = Debug;
		};
		CAB022461BA624AC00760761 /* Release */ = {
			isa = XCBuildConfiguration;
			buildSettings = {
				BUNDLE_LOADER = "$(TEST_HOST)";
				FRAMEWORK_SEARCH_PATHS = (
					"$(SDKROOT)/Developer/Library/Frameworks",
					"$(inherited)",
				);
				INFOPLIST_FILE = "Space RaceTests/Info.plist";
				LD_RUNPATH_SEARCH_PATHS = "$(inherited) @executable_path/Frameworks @loader_path/Frameworks";
				PRODUCT_NAME = "$(TARGET_NAME)";
				TEST_HOST = "$(BUILT_PRODUCTS_DIR)/Space Race.app/Space Race";
			};
			name = Release;
		};
/* End XCBuildConfiguration section */

/* Begin XCConfigurationList section */
		CAB022191BA624AC00760761 /* Build configuration list for PBXProject "Space Race" */ = {
			isa = XCConfigurationList;
			buildConfigurations = (
				CAB0223F1BA624AC00760761 /* Debug */,
				CAB022401BA624AC00760761 /* Release */,
			);
			defaultConfigurationIsVisible = 0;
			defaultConfigurationName = Release;
		};
		CAB022411BA624AC00760761 /* Build configuration list for PBXNativeTarget "Space Race" */ = {
			isa = XCConfigurationList;
			buildConfigurations = (
				CAB022421BA624AC00760761 /* Debug */,
				CAB022431BA624AC00760761 /* Release */,
			);
			defaultConfigurationIsVisible = 0;
		};
		CAB022441BA624AC00760761 /* Build configuration list for PBXNativeTarget "Space RaceTests" */ = {
			isa = XCConfigurationList;
			buildConfigurations = (
				CAB022451BA624AC00760761 /* Debug */,
				CAB022461BA624AC00760761 /* Release */,
			);
			defaultConfigurationIsVisible = 0;
		};
/* End XCConfigurationList section */
	};
	rootObject = CAB022161BA624AC00760761 /* Project object */;
}
